// !$*UTF8*$!
{
	archiveVersion = 1;
	classes = {
	};
	objectVersion = 48;
	objects = {

/* Begin PBXBuildFile section */
		8FB0634E1FE4471600CFFAF5 /* AppDelegate.swift in Sources */ = {isa = PBXBuildFile; fileRef = 8FB0634D1FE4471600CFFAF5 /* AppDelegate.swift */; };
		8FB063551FE4471600CFFAF5 /* Assets.xcassets in Resources */ = {isa = PBXBuildFile; fileRef = 8FB063541FE4471600CFFAF5 /* Assets.xcassets */; };
		8FB063581FE4471600CFFAF5 /* LaunchScreen.storyboard in Resources */ = {isa = PBXBuildFile; fileRef = 8FB063561FE4471600CFFAF5 /* LaunchScreen.storyboard */; };
		8FB063631FE4471600CFFAF5 /* OneWordTests.swift in Sources */ = {isa = PBXBuildFile; fileRef = 8FB063621FE4471600CFFAF5 /* OneWordTests.swift */; };
		8FB0636F1FE44FF400CFFAF5 /* Coordinator.swift in Sources */ = {isa = PBXBuildFile; fileRef = 8FB0636E1FE44FF400CFFAF5 /* Coordinator.swift */; };
		8FB063701FE44FF400CFFAF5 /* Coordinator.swift in Sources */ = {isa = PBXBuildFile; fileRef = 8FB0636E1FE44FF400CFFAF5 /* Coordinator.swift */; };
		8FB063721FE4515000CFFAF5 /* RootViewControllerProvider.swift in Sources */ = {isa = PBXBuildFile; fileRef = 8FB063711FE4515000CFFAF5 /* RootViewControllerProvider.swift */; };
		8FB063731FE4515000CFFAF5 /* RootViewControllerProvider.swift in Sources */ = {isa = PBXBuildFile; fileRef = 8FB063711FE4515000CFFAF5 /* RootViewControllerProvider.swift */; };
		8FB063751FE4519500CFFAF5 /* RootViewCoordinator.swift in Sources */ = {isa = PBXBuildFile; fileRef = 8FB063741FE4519500CFFAF5 /* RootViewCoordinator.swift */; };
		8FB063761FE4519500CFFAF5 /* RootViewCoordinator.swift in Sources */ = {isa = PBXBuildFile; fileRef = 8FB063741FE4519500CFFAF5 /* RootViewCoordinator.swift */; };
		8FB063781FE451E200CFFAF5 /* AppCoordinator.swift in Sources */ = {isa = PBXBuildFile; fileRef = 8FB063771FE451E200CFFAF5 /* AppCoordinator.swift */; };
		8FB063791FE451E200CFFAF5 /* AppCoordinator.swift in Sources */ = {isa = PBXBuildFile; fileRef = 8FB063771FE451E200CFFAF5 /* AppCoordinator.swift */; };
		8FB0637F1FE460CB00CFFAF5 /* HelloWorld.storyboard in Resources */ = {isa = PBXBuildFile; fileRef = 8FB0637E1FE460CB00CFFAF5 /* HelloWorld.storyboard */; };
		8FB063801FE460CB00CFFAF5 /* HelloWorld.storyboard in Resources */ = {isa = PBXBuildFile; fileRef = 8FB0637E1FE460CB00CFFAF5 /* HelloWorld.storyboard */; };
		8FB063821FE460E400CFFAF5 /* HelloWorldViewController.swift in Sources */ = {isa = PBXBuildFile; fileRef = 8FB063811FE460E400CFFAF5 /* HelloWorldViewController.swift */; };
		8FB063831FE460E400CFFAF5 /* HelloWorldViewController.swift in Sources */ = {isa = PBXBuildFile; fileRef = 8FB063811FE460E400CFFAF5 /* HelloWorldViewController.swift */; };
		8FB063841FE4624D00CFFAF5 /* AppDelegate.swift in Sources */ = {isa = PBXBuildFile; fileRef = 8FB0634D1FE4471600CFFAF5 /* AppDelegate.swift */; };
		8FB063871FE4663200CFFAF5 /* SceneFactory.swift in Sources */ = {isa = PBXBuildFile; fileRef = 8FB063861FE4663200CFFAF5 /* SceneFactory.swift */; };
		8FB063881FE4663200CFFAF5 /* SceneFactory.swift in Sources */ = {isa = PBXBuildFile; fileRef = 8FB063861FE4663200CFFAF5 /* SceneFactory.swift */; };
		8FB0638A1FE4692400CFFAF5 /* HelloWorldFactory.swift in Sources */ = {isa = PBXBuildFile; fileRef = 8FB063891FE4692400CFFAF5 /* HelloWorldFactory.swift */; };
		8FB0638B1FE4692400CFFAF5 /* HelloWorldFactory.swift in Sources */ = {isa = PBXBuildFile; fileRef = 8FB063891FE4692400CFFAF5 /* HelloWorldFactory.swift */; };
		8FB0638E1FE470BA00CFFAF5 /* HelloWorldViewModel.swift in Sources */ = {isa = PBXBuildFile; fileRef = 8FB0638D1FE470BA00CFFAF5 /* HelloWorldViewModel.swift */; };
		8FB0638F1FE470BA00CFFAF5 /* HelloWorldViewModel.swift in Sources */ = {isa = PBXBuildFile; fileRef = 8FB0638D1FE470BA00CFFAF5 /* HelloWorldViewModel.swift */; };
		8FB063921FE4734700CFFAF5 /* GreetingController.swift in Sources */ = {isa = PBXBuildFile; fileRef = 8FB063911FE4734700CFFAF5 /* GreetingController.swift */; };
		8FB063931FE4734700CFFAF5 /* GreetingController.swift in Sources */ = {isa = PBXBuildFile; fileRef = 8FB063911FE4734700CFFAF5 /* GreetingController.swift */; };
		8FB063961FE4778800CFFAF5 /* HelloWorldSceneAssembler.swift in Sources */ = {isa = PBXBuildFile; fileRef = 8FB063951FE4778800CFFAF5 /* HelloWorldSceneAssembler.swift */; };
		8FB063971FE4778800CFFAF5 /* HelloWorldSceneAssembler.swift in Sources */ = {isa = PBXBuildFile; fileRef = 8FB063951FE4778800CFFAF5 /* HelloWorldSceneAssembler.swift */; };
		8FB063A51FE5B68000CFFAF5 /* DoubleHorizontalLayoutViewController.swift in Sources */ = {isa = PBXBuildFile; fileRef = 8FB063A41FE5B68000CFFAF5 /* DoubleHorizontalLayoutViewController.swift */; };
		8FB063A61FE5B68000CFFAF5 /* DoubleHorizontalLayoutViewController.swift in Sources */ = {isa = PBXBuildFile; fileRef = 8FB063A41FE5B68000CFFAF5 /* DoubleHorizontalLayoutViewController.swift */; };
		8FB063AF1FE5E1D700CFFAF5 /* UIViewControllerExtensions.swift in Sources */ = {isa = PBXBuildFile; fileRef = 8FB063AE1FE5E1D700CFFAF5 /* UIViewControllerExtensions.swift */; };
		8FB063B01FE5E1D700CFFAF5 /* UIViewControllerExtensions.swift in Sources */ = {isa = PBXBuildFile; fileRef = 8FB063AE1FE5E1D700CFFAF5 /* UIViewControllerExtensions.swift */; };
		8FB063B21FE5E72B00CFFAF5 /* WordsListContentCoordinator.swift in Sources */ = {isa = PBXBuildFile; fileRef = 8FB063B11FE5E72B00CFFAF5 /* WordsListContentCoordinator.swift */; };
		8FB063B31FE5E72B00CFFAF5 /* WordsListContentCoordinator.swift in Sources */ = {isa = PBXBuildFile; fileRef = 8FB063B11FE5E72B00CFFAF5 /* WordsListContentCoordinator.swift */; };
		8FB063BC1FE6979D00CFFAF5 /* WordsListLayoutAssembler.swift in Sources */ = {isa = PBXBuildFile; fileRef = 8FB063BB1FE6979D00CFFAF5 /* WordsListLayoutAssembler.swift */; };
		8FB063BD1FE6979D00CFFAF5 /* WordsListLayoutAssembler.swift in Sources */ = {isa = PBXBuildFile; fileRef = 8FB063BB1FE6979D00CFFAF5 /* WordsListLayoutAssembler.swift */; };
		8FB063BF1FE6986600CFFAF5 /* WordsListLayoutViewModel.swift in Sources */ = {isa = PBXBuildFile; fileRef = 8FB063BE1FE6986600CFFAF5 /* WordsListLayoutViewModel.swift */; };
		8FB063C01FE6986600CFFAF5 /* WordsListLayoutViewModel.swift in Sources */ = {isa = PBXBuildFile; fileRef = 8FB063BE1FE6986600CFFAF5 /* WordsListLayoutViewModel.swift */; };
		8FB063C21FE6995100CFFAF5 /* WordsListTopBarCoordinator.swift in Sources */ = {isa = PBXBuildFile; fileRef = 8FB063C11FE6995100CFFAF5 /* WordsListTopBarCoordinator.swift */; };
		8FB063C31FE6995100CFFAF5 /* WordsListTopBarCoordinator.swift in Sources */ = {isa = PBXBuildFile; fileRef = 8FB063C11FE6995100CFFAF5 /* WordsListTopBarCoordinator.swift */; };
		8FB063C61FE69C7F00CFFAF5 /* WordsListTopBarViewController.swift in Sources */ = {isa = PBXBuildFile; fileRef = 8FB063C51FE69C7F00CFFAF5 /* WordsListTopBarViewController.swift */; };
		8FB063C71FE69C7F00CFFAF5 /* WordsListTopBarViewController.swift in Sources */ = {isa = PBXBuildFile; fileRef = 8FB063C51FE69C7F00CFFAF5 /* WordsListTopBarViewController.swift */; };
		8FB063C91FE69C9100CFFAF5 /* WordsListTopBar.storyboard in Resources */ = {isa = PBXBuildFile; fileRef = 8FB063C81FE69C9100CFFAF5 /* WordsListTopBar.storyboard */; };
		8FB063CA1FE69C9100CFFAF5 /* WordsListTopBar.storyboard in Resources */ = {isa = PBXBuildFile; fileRef = 8FB063C81FE69C9100CFFAF5 /* WordsListTopBar.storyboard */; };
		8FB063CC1FE69ECE00CFFAF5 /* AddWordTopBarViewController.swift in Sources */ = {isa = PBXBuildFile; fileRef = 8FB063CB1FE69ECE00CFFAF5 /* AddWordTopBarViewController.swift */; };
		8FB063CD1FE69ECE00CFFAF5 /* AddWordTopBarViewController.swift in Sources */ = {isa = PBXBuildFile; fileRef = 8FB063CB1FE69ECE00CFFAF5 /* AddWordTopBarViewController.swift */; };
		8FB063CF1FE69EDB00CFFAF5 /* AddWordTopBar.storyboard in Resources */ = {isa = PBXBuildFile; fileRef = 8FB063CE1FE69EDB00CFFAF5 /* AddWordTopBar.storyboard */; };
		8FB063D01FE69EDB00CFFAF5 /* AddWordTopBar.storyboard in Resources */ = {isa = PBXBuildFile; fileRef = 8FB063CE1FE69EDB00CFFAF5 /* AddWordTopBar.storyboard */; };
		8FB063D21FE6A12900CFFAF5 /* WordsListViewController.swift in Sources */ = {isa = PBXBuildFile; fileRef = 8FB063D11FE6A12900CFFAF5 /* WordsListViewController.swift */; };
		8FB063D31FE6A12900CFFAF5 /* WordsListViewController.swift in Sources */ = {isa = PBXBuildFile; fileRef = 8FB063D11FE6A12900CFFAF5 /* WordsListViewController.swift */; };
		8FB063D51FE6A13D00CFFAF5 /* WordsList.storyboard in Resources */ = {isa = PBXBuildFile; fileRef = 8FB063D41FE6A13D00CFFAF5 /* WordsList.storyboard */; };
		8FB063D61FE6A13D00CFFAF5 /* WordsList.storyboard in Resources */ = {isa = PBXBuildFile; fileRef = 8FB063D41FE6A13D00CFFAF5 /* WordsList.storyboard */; };
		8FB063D81FE6A8B100CFFAF5 /* WordsListTopBarViewModal.swift in Sources */ = {isa = PBXBuildFile; fileRef = 8FB063D71FE6A8B100CFFAF5 /* WordsListTopBarViewModal.swift */; };
		8FB063D91FE6A8B100CFFAF5 /* WordsListTopBarViewModal.swift in Sources */ = {isa = PBXBuildFile; fileRef = 8FB063D71FE6A8B100CFFAF5 /* WordsListTopBarViewModal.swift */; };
		8FB063DB1FE6A8FE00CFFAF5 /* AddWordTopBarViewModel.swift in Sources */ = {isa = PBXBuildFile; fileRef = 8FB063DA1FE6A8FE00CFFAF5 /* AddWordTopBarViewModel.swift */; };
		8FB063DC1FE6A8FE00CFFAF5 /* AddWordTopBarViewModel.swift in Sources */ = {isa = PBXBuildFile; fileRef = 8FB063DA1FE6A8FE00CFFAF5 /* AddWordTopBarViewModel.swift */; };
		8FB063DE1FE6AE7300CFFAF5 /* WordsListLayoutController.swift in Sources */ = {isa = PBXBuildFile; fileRef = 8FB063DD1FE6AE7300CFFAF5 /* WordsListLayoutController.swift */; };
		8FB063DF1FE6AE7300CFFAF5 /* WordsListLayoutController.swift in Sources */ = {isa = PBXBuildFile; fileRef = 8FB063DD1FE6AE7300CFFAF5 /* WordsListLayoutController.swift */; };
		8FB063E11FE6B42700CFFAF5 /* WordsListTopBarFactory.swift in Sources */ = {isa = PBXBuildFile; fileRef = 8FB063E01FE6B42700CFFAF5 /* WordsListTopBarFactory.swift */; };
		8FB063E21FE6B42700CFFAF5 /* WordsListTopBarFactory.swift in Sources */ = {isa = PBXBuildFile; fileRef = 8FB063E01FE6B42700CFFAF5 /* WordsListTopBarFactory.swift */; };
		8FB063E41FE6B64000CFFAF5 /* AddWordTopBar.swift in Sources */ = {isa = PBXBuildFile; fileRef = 8FB063E31FE6B64000CFFAF5 /* AddWordTopBar.swift */; };
		8FB063E51FE6B64000CFFAF5 /* AddWordTopBar.swift in Sources */ = {isa = PBXBuildFile; fileRef = 8FB063E31FE6B64000CFFAF5 /* AddWordTopBar.swift */; };
		8FB063E71FE6BC2E00CFFAF5 /* WordsListFactory.swift in Sources */ = {isa = PBXBuildFile; fileRef = 8FB063E61FE6BC2E00CFFAF5 /* WordsListFactory.swift */; };
		8FB063E81FE6BC2E00CFFAF5 /* WordsListFactory.swift in Sources */ = {isa = PBXBuildFile; fileRef = 8FB063E61FE6BC2E00CFFAF5 /* WordsListFactory.swift */; };
		8FB063EA1FE6BE2A00CFFAF5 /* WordsListViewModel.swift in Sources */ = {isa = PBXBuildFile; fileRef = 8FB063E91FE6BE2A00CFFAF5 /* WordsListViewModel.swift */; };
		8FB063EB1FE6BE2A00CFFAF5 /* WordsListViewModel.swift in Sources */ = {isa = PBXBuildFile; fileRef = 8FB063E91FE6BE2A00CFFAF5 /* WordsListViewModel.swift */; };
/* End PBXBuildFile section */

/* Begin PBXContainerItemProxy section */
		8FB0635F1FE4471600CFFAF5 /* PBXContainerItemProxy */ = {
			isa = PBXContainerItemProxy;
			containerPortal = 8FB063421FE4471600CFFAF5 /* Project object */;
			proxyType = 1;
			remoteGlobalIDString = 8FB063491FE4471600CFFAF5;
			remoteInfo = OneWord;
		};
/* End PBXContainerItemProxy section */

/* Begin PBXFileReference section */
		8FB0634A1FE4471600CFFAF5 /* OneWord.app */ = {isa = PBXFileReference; explicitFileType = wrapper.application; includeInIndex = 0; path = OneWord.app; sourceTree = BUILT_PRODUCTS_DIR; };
		8FB0634D1FE4471600CFFAF5 /* AppDelegate.swift */ = {isa = PBXFileReference; lastKnownFileType = sourcecode.swift; path = AppDelegate.swift; sourceTree = "<group>"; };
		8FB063541FE4471600CFFAF5 /* Assets.xcassets */ = {isa = PBXFileReference; lastKnownFileType = folder.assetcatalog; path = Assets.xcassets; sourceTree = "<group>"; };
		8FB063571FE4471600CFFAF5 /* Base */ = {isa = PBXFileReference; lastKnownFileType = file.storyboard; name = Base; path = Base.lproj/LaunchScreen.storyboard; sourceTree = "<group>"; };
		8FB063591FE4471600CFFAF5 /* Info.plist */ = {isa = PBXFileReference; lastKnownFileType = text.plist.xml; path = Info.plist; sourceTree = "<group>"; };
		8FB0635E1FE4471600CFFAF5 /* OneWordTests.xctest */ = {isa = PBXFileReference; explicitFileType = wrapper.cfbundle; includeInIndex = 0; path = OneWordTests.xctest; sourceTree = BUILT_PRODUCTS_DIR; };
		8FB063621FE4471600CFFAF5 /* OneWordTests.swift */ = {isa = PBXFileReference; lastKnownFileType = sourcecode.swift; path = OneWordTests.swift; sourceTree = "<group>"; };
		8FB063641FE4471600CFFAF5 /* Info.plist */ = {isa = PBXFileReference; lastKnownFileType = text.plist.xml; path = Info.plist; sourceTree = "<group>"; };
		8FB0636E1FE44FF400CFFAF5 /* Coordinator.swift */ = {isa = PBXFileReference; lastKnownFileType = sourcecode.swift; path = Coordinator.swift; sourceTree = "<group>"; };
		8FB063711FE4515000CFFAF5 /* RootViewControllerProvider.swift */ = {isa = PBXFileReference; lastKnownFileType = sourcecode.swift; path = RootViewControllerProvider.swift; sourceTree = "<group>"; };
		8FB063741FE4519500CFFAF5 /* RootViewCoordinator.swift */ = {isa = PBXFileReference; lastKnownFileType = sourcecode.swift; path = RootViewCoordinator.swift; sourceTree = "<group>"; };
		8FB063771FE451E200CFFAF5 /* AppCoordinator.swift */ = {isa = PBXFileReference; lastKnownFileType = sourcecode.swift; path = AppCoordinator.swift; sourceTree = "<group>"; };
		8FB0637E1FE460CB00CFFAF5 /* HelloWorld.storyboard */ = {isa = PBXFileReference; lastKnownFileType = file.storyboard; path = HelloWorld.storyboard; sourceTree = "<group>"; };
		8FB063811FE460E400CFFAF5 /* HelloWorldViewController.swift */ = {isa = PBXFileReference; lastKnownFileType = sourcecode.swift; path = HelloWorldViewController.swift; sourceTree = "<group>"; };
		8FB063861FE4663200CFFAF5 /* SceneFactory.swift */ = {isa = PBXFileReference; lastKnownFileType = sourcecode.swift; path = SceneFactory.swift; sourceTree = "<group>"; };
		8FB063891FE4692400CFFAF5 /* HelloWorldFactory.swift */ = {isa = PBXFileReference; lastKnownFileType = sourcecode.swift; path = HelloWorldFactory.swift; sourceTree = "<group>"; };
		8FB0638D1FE470BA00CFFAF5 /* HelloWorldViewModel.swift */ = {isa = PBXFileReference; lastKnownFileType = sourcecode.swift; path = HelloWorldViewModel.swift; sourceTree = "<group>"; };
		8FB063911FE4734700CFFAF5 /* GreetingController.swift */ = {isa = PBXFileReference; lastKnownFileType = sourcecode.swift; path = GreetingController.swift; sourceTree = "<group>"; };
		8FB063951FE4778800CFFAF5 /* HelloWorldSceneAssembler.swift */ = {isa = PBXFileReference; lastKnownFileType = sourcecode.swift; path = HelloWorldSceneAssembler.swift; sourceTree = "<group>"; };
		8FB063A41FE5B68000CFFAF5 /* DoubleHorizontalLayoutViewController.swift */ = {isa = PBXFileReference; lastKnownFileType = sourcecode.swift; path = DoubleHorizontalLayoutViewController.swift; sourceTree = "<group>"; };
		8FB063AE1FE5E1D700CFFAF5 /* UIViewControllerExtensions.swift */ = {isa = PBXFileReference; lastKnownFileType = sourcecode.swift; path = UIViewControllerExtensions.swift; sourceTree = "<group>"; };
		8FB063B11FE5E72B00CFFAF5 /* WordsListContentCoordinator.swift */ = {isa = PBXFileReference; lastKnownFileType = sourcecode.swift; path = WordsListContentCoordinator.swift; sourceTree = "<group>"; };
		8FB063BB1FE6979D00CFFAF5 /* WordsListLayoutAssembler.swift */ = {isa = PBXFileReference; lastKnownFileType = sourcecode.swift; path = WordsListLayoutAssembler.swift; sourceTree = "<group>"; };
		8FB063BE1FE6986600CFFAF5 /* WordsListLayoutViewModel.swift */ = {isa = PBXFileReference; lastKnownFileType = sourcecode.swift; path = WordsListLayoutViewModel.swift; sourceTree = "<group>"; };
		8FB063C11FE6995100CFFAF5 /* WordsListTopBarCoordinator.swift */ = {isa = PBXFileReference; lastKnownFileType = sourcecode.swift; path = WordsListTopBarCoordinator.swift; sourceTree = "<group>"; };
		8FB063C51FE69C7F00CFFAF5 /* WordsListTopBarViewController.swift */ = {isa = PBXFileReference; lastKnownFileType = sourcecode.swift; path = WordsListTopBarViewController.swift; sourceTree = "<group>"; };
		8FB063C81FE69C9100CFFAF5 /* WordsListTopBar.storyboard */ = {isa = PBXFileReference; lastKnownFileType = file.storyboard; path = WordsListTopBar.storyboard; sourceTree = "<group>"; };
		8FB063CB1FE69ECE00CFFAF5 /* AddWordTopBarViewController.swift */ = {isa = PBXFileReference; lastKnownFileType = sourcecode.swift; path = AddWordTopBarViewController.swift; sourceTree = "<group>"; };
		8FB063CE1FE69EDB00CFFAF5 /* AddWordTopBar.storyboard */ = {isa = PBXFileReference; lastKnownFileType = file.storyboard; path = AddWordTopBar.storyboard; sourceTree = "<group>"; };
		8FB063D11FE6A12900CFFAF5 /* WordsListViewController.swift */ = {isa = PBXFileReference; lastKnownFileType = sourcecode.swift; path = WordsListViewController.swift; sourceTree = "<group>"; };
		8FB063D41FE6A13D00CFFAF5 /* WordsList.storyboard */ = {isa = PBXFileReference; lastKnownFileType = file.storyboard; path = WordsList.storyboard; sourceTree = "<group>"; };
		8FB063D71FE6A8B100CFFAF5 /* WordsListTopBarViewModal.swift */ = {isa = PBXFileReference; lastKnownFileType = sourcecode.swift; path = WordsListTopBarViewModal.swift; sourceTree = "<group>"; };
		8FB063DA1FE6A8FE00CFFAF5 /* AddWordTopBarViewModel.swift */ = {isa = PBXFileReference; lastKnownFileType = sourcecode.swift; path = AddWordTopBarViewModel.swift; sourceTree = "<group>"; };
		8FB063DD1FE6AE7300CFFAF5 /* WordsListLayoutController.swift */ = {isa = PBXFileReference; lastKnownFileType = sourcecode.swift; path = WordsListLayoutController.swift; sourceTree = "<group>"; };
		8FB063E01FE6B42700CFFAF5 /* WordsListTopBarFactory.swift */ = {isa = PBXFileReference; lastKnownFileType = sourcecode.swift; path = WordsListTopBarFactory.swift; sourceTree = "<group>"; };
		8FB063E31FE6B64000CFFAF5 /* AddWordTopBar.swift */ = {isa = PBXFileReference; lastKnownFileType = sourcecode.swift; path = AddWordTopBar.swift; sourceTree = "<group>"; };
		8FB063E61FE6BC2E00CFFAF5 /* WordsListFactory.swift */ = {isa = PBXFileReference; lastKnownFileType = sourcecode.swift; path = WordsListFactory.swift; sourceTree = "<group>"; };
		8FB063E91FE6BE2A00CFFAF5 /* WordsListViewModel.swift */ = {isa = PBXFileReference; lastKnownFileType = sourcecode.swift; path = WordsListViewModel.swift; sourceTree = "<group>"; };
/* End PBXFileReference section */

/* Begin PBXFrameworksBuildPhase section */
		8FB063471FE4471600CFFAF5 /* Frameworks */ = {
			isa = PBXFrameworksBuildPhase;
			buildActionMask = 2147483647;
			files = (
			);
			runOnlyForDeploymentPostprocessing = 0;
		};
		8FB0635B1FE4471600CFFAF5 /* Frameworks */ = {
			isa = PBXFrameworksBuildPhase;
			buildActionMask = 2147483647;
			files = (
			);
			runOnlyForDeploymentPostprocessing = 0;
		};
/* End PBXFrameworksBuildPhase section */

/* Begin PBXGroup section */
		8FB063411FE4471600CFFAF5 = {
			isa = PBXGroup;
			children = (
				8FB0634C1FE4471600CFFAF5 /* OneWord */,
				8FB063611FE4471600CFFAF5 /* OneWordTests */,
				8FB0634B1FE4471600CFFAF5 /* Products */,
			);
			sourceTree = "<group>";
		};
		8FB0634B1FE4471600CFFAF5 /* Products */ = {
			isa = PBXGroup;
			children = (
				8FB0634A1FE4471600CFFAF5 /* OneWord.app */,
				8FB0635E1FE4471600CFFAF5 /* OneWordTests.xctest */,
			);
			name = Products;
			sourceTree = "<group>";
		};
		8FB0634C1FE4471600CFFAF5 /* OneWord */ = {
			isa = PBXGroup;
			children = (
				8FB0637D1FE45AD900CFFAF5 /* Core */,
				8FB063AD1FE5E1B700CFFAF5 /* Extensions */,
				8FB063A31FE5B60200CFFAF5 /* Layouts */,
				8FB0637A1FE454B400CFFAF5 /* Scenes */,
				8FB063851FE464F500CFFAF5 /* Scene Factories */,
				8FB063941FE4772900CFFAF5 /* Assemblers */,
				8FB0636D1FE44FC800CFFAF5 /* Coordinators */,
				8FB0638C1FE4709C00CFFAF5 /* View Models */,
				8FB063901FE4733200CFFAF5 /* Controllers */,
			);
			path = OneWord;
			sourceTree = "<group>";
		};
		8FB063611FE4471600CFFAF5 /* OneWordTests */ = {
			isa = PBXGroup;
			children = (
				8FB063621FE4471600CFFAF5 /* OneWordTests.swift */,
				8FB063641FE4471600CFFAF5 /* Info.plist */,
			);
			path = OneWordTests;
			sourceTree = "<group>";
		};
		8FB0636D1FE44FC800CFFAF5 /* Coordinators */ = {
			isa = PBXGroup;
			children = (
				8FB0636E1FE44FF400CFFAF5 /* Coordinator.swift */,
				8FB063771FE451E200CFFAF5 /* AppCoordinator.swift */,
				8FB063711FE4515000CFFAF5 /* RootViewControllerProvider.swift */,
				8FB063741FE4519500CFFAF5 /* RootViewCoordinator.swift */,
				8FB063B11FE5E72B00CFFAF5 /* WordsListContentCoordinator.swift */,
				8FB063C11FE6995100CFFAF5 /* WordsListTopBarCoordinator.swift */,
			);
			path = Coordinators;
			sourceTree = "<group>";
		};
		8FB0637A1FE454B400CFFAF5 /* Scenes */ = {
			isa = PBXGroup;
			children = (
				8FB063C41FE69C2E00CFFAF5 /* Words List */,
				8FB0637B1FE457BD00CFFAF5 /* HelloWorld */,
			);
			path = Scenes;
			sourceTree = "<group>";
		};
		8FB0637B1FE457BD00CFFAF5 /* HelloWorld */ = {
			isa = PBXGroup;
			children = (
				8FB0637E1FE460CB00CFFAF5 /* HelloWorld.storyboard */,
				8FB063811FE460E400CFFAF5 /* HelloWorldViewController.swift */,
			);
			path = HelloWorld;
			sourceTree = "<group>";
		};
		8FB0637D1FE45AD900CFFAF5 /* Core */ = {
			isa = PBXGroup;
			children = (
				8FB0634D1FE4471600CFFAF5 /* AppDelegate.swift */,
				8FB063541FE4471600CFFAF5 /* Assets.xcassets */,
				8FB063591FE4471600CFFAF5 /* Info.plist */,
				8FB063561FE4471600CFFAF5 /* LaunchScreen.storyboard */,
			);
			name = Core;
			sourceTree = "<group>";
		};
		8FB063851FE464F500CFFAF5 /* Scene Factories */ = {
			isa = PBXGroup;
			children = (
				8FB063861FE4663200CFFAF5 /* SceneFactory.swift */,
				8FB063891FE4692400CFFAF5 /* HelloWorldFactory.swift */,
				8FB063E01FE6B42700CFFAF5 /* WordsListTopBarFactory.swift */,
				8FB063E31FE6B64000CFFAF5 /* AddWordTopBar.swift */,
				8FB063E61FE6BC2E00CFFAF5 /* WordsListFactory.swift */,
			);
			path = "Scene Factories";
			sourceTree = "<group>";
		};
		8FB0638C1FE4709C00CFFAF5 /* View Models */ = {
			isa = PBXGroup;
			children = (
				8FB0638D1FE470BA00CFFAF5 /* HelloWorldViewModel.swift */,
				8FB063BE1FE6986600CFFAF5 /* WordsListLayoutViewModel.swift */,
				8FB063D71FE6A8B100CFFAF5 /* WordsListTopBarViewModal.swift */,
				8FB063DA1FE6A8FE00CFFAF5 /* AddWordTopBarViewModel.swift */,
				8FB063E91FE6BE2A00CFFAF5 /* WordsListViewModel.swift */,
			);
			path = "View Models";
			sourceTree = "<group>";
		};
		8FB063901FE4733200CFFAF5 /* Controllers */ = {
			isa = PBXGroup;
			children = (
				8FB063911FE4734700CFFAF5 /* GreetingController.swift */,
				8FB063DD1FE6AE7300CFFAF5 /* WordsListLayoutController.swift */,
			);
			path = Controllers;
			sourceTree = "<group>";
		};
		8FB063941FE4772900CFFAF5 /* Assemblers */ = {
			isa = PBXGroup;
			children = (
				8FB063951FE4778800CFFAF5 /* HelloWorldSceneAssembler.swift */,
				8FB063BB1FE6979D00CFFAF5 /* WordsListLayoutAssembler.swift */,
			);
			path = Assemblers;
			sourceTree = "<group>";
		};
		8FB063A31FE5B60200CFFAF5 /* Layouts */ = {
			isa = PBXGroup;
			children = (
				8FB063A41FE5B68000CFFAF5 /* DoubleHorizontalLayoutViewController.swift */,
			);
			path = Layouts;
			sourceTree = "<group>";
		};
		8FB063AD1FE5E1B700CFFAF5 /* Extensions */ = {
			isa = PBXGroup;
			children = (
				8FB063AE1FE5E1D700CFFAF5 /* UIViewControllerExtensions.swift */,
			);
			path = Extensions;
			sourceTree = "<group>";
		};
		8FB063C41FE69C2E00CFFAF5 /* Words List */ = {
			isa = PBXGroup;
			children = (
				8FB063C51FE69C7F00CFFAF5 /* WordsListTopBarViewController.swift */,
				8FB063C81FE69C9100CFFAF5 /* WordsListTopBar.storyboard */,
				8FB063CB1FE69ECE00CFFAF5 /* AddWordTopBarViewController.swift */,
				8FB063CE1FE69EDB00CFFAF5 /* AddWordTopBar.storyboard */,
				8FB063D11FE6A12900CFFAF5 /* WordsListViewController.swift */,
				8FB063D41FE6A13D00CFFAF5 /* WordsList.storyboard */,
			);
			path = "Words List";
			sourceTree = "<group>";
		};
/* End PBXGroup section */

/* Begin PBXNativeTarget section */
		8FB063491FE4471600CFFAF5 /* OneWord */ = {
			isa = PBXNativeTarget;
			buildConfigurationList = 8FB063671FE4471600CFFAF5 /* Build configuration list for PBXNativeTarget "OneWord" */;
			buildPhases = (
				8FB063461FE4471600CFFAF5 /* Sources */,
				8FB063471FE4471600CFFAF5 /* Frameworks */,
				8FB063481FE4471600CFFAF5 /* Resources */,
			);
			buildRules = (
			);
			dependencies = (
			);
			name = OneWord;
			productName = OneWord;
			productReference = 8FB0634A1FE4471600CFFAF5 /* OneWord.app */;
			productType = "com.apple.product-type.application";
		};
		8FB0635D1FE4471600CFFAF5 /* OneWordTests */ = {
			isa = PBXNativeTarget;
			buildConfigurationList = 8FB0636A1FE4471600CFFAF5 /* Build configuration list for PBXNativeTarget "OneWordTests" */;
			buildPhases = (
				8FB0635A1FE4471600CFFAF5 /* Sources */,
				8FB0635B1FE4471600CFFAF5 /* Frameworks */,
				8FB0635C1FE4471600CFFAF5 /* Resources */,
			);
			buildRules = (
			);
			dependencies = (
				8FB063601FE4471600CFFAF5 /* PBXTargetDependency */,
			);
			name = OneWordTests;
			productName = OneWordTests;
			productReference = 8FB0635E1FE4471600CFFAF5 /* OneWordTests.xctest */;
			productType = "com.apple.product-type.bundle.unit-test";
		};
/* End PBXNativeTarget section */

/* Begin PBXProject section */
		8FB063421FE4471600CFFAF5 /* Project object */ = {
			isa = PBXProject;
			attributes = {
				LastSwiftUpdateCheck = 0920;
				LastUpgradeCheck = 0920;
				ORGANIZATIONNAME = "Karol Bukowski";
				TargetAttributes = {
					8FB063491FE4471600CFFAF5 = {
						CreatedOnToolsVersion = 9.2;
						ProvisioningStyle = Automatic;
					};
					8FB0635D1FE4471600CFFAF5 = {
						CreatedOnToolsVersion = 9.2;
						ProvisioningStyle = Automatic;
						TestTargetID = 8FB063491FE4471600CFFAF5;
					};
				};
			};
			buildConfigurationList = 8FB063451FE4471600CFFAF5 /* Build configuration list for PBXProject "OneWord" */;
			compatibilityVersion = "Xcode 8.0";
			developmentRegion = en;
			hasScannedForEncodings = 0;
			knownRegions = (
				en,
				Base,
			);
			mainGroup = 8FB063411FE4471600CFFAF5;
			productRefGroup = 8FB0634B1FE4471600CFFAF5 /* Products */;
			projectDirPath = "";
			projectRoot = "";
			targets = (
				8FB063491FE4471600CFFAF5 /* OneWord */,
				8FB0635D1FE4471600CFFAF5 /* OneWordTests */,
			);
		};
/* End PBXProject section */

/* Begin PBXResourcesBuildPhase section */
		8FB063481FE4471600CFFAF5 /* Resources */ = {
			isa = PBXResourcesBuildPhase;
			buildActionMask = 2147483647;
			files = (
				8FB063D51FE6A13D00CFFAF5 /* WordsList.storyboard in Resources */,
				8FB063C91FE69C9100CFFAF5 /* WordsListTopBar.storyboard in Resources */,
				8FB063581FE4471600CFFAF5 /* LaunchScreen.storyboard in Resources */,
				8FB0637F1FE460CB00CFFAF5 /* HelloWorld.storyboard in Resources */,
				8FB063CF1FE69EDB00CFFAF5 /* AddWordTopBar.storyboard in Resources */,
				8FB063551FE4471600CFFAF5 /* Assets.xcassets in Resources */,
			);
			runOnlyForDeploymentPostprocessing = 0;
		};
		8FB0635C1FE4471600CFFAF5 /* Resources */ = {
			isa = PBXResourcesBuildPhase;
			buildActionMask = 2147483647;
			files = (
				8FB063D01FE69EDB00CFFAF5 /* AddWordTopBar.storyboard in Resources */,
				8FB063CA1FE69C9100CFFAF5 /* WordsListTopBar.storyboard in Resources */,
				8FB063D61FE6A13D00CFFAF5 /* WordsList.storyboard in Resources */,
				8FB063801FE460CB00CFFAF5 /* HelloWorld.storyboard in Resources */,
			);
			runOnlyForDeploymentPostprocessing = 0;
		};
/* End PBXResourcesBuildPhase section */

/* Begin PBXSourcesBuildPhase section */
		8FB063461FE4471600CFFAF5 /* Sources */ = {
			isa = PBXSourcesBuildPhase;
			buildActionMask = 2147483647;
			files = (
				8FB063961FE4778800CFFAF5 /* HelloWorldSceneAssembler.swift in Sources */,
				8FB063781FE451E200CFFAF5 /* AppCoordinator.swift in Sources */,
				8FB063D21FE6A12900CFFAF5 /* WordsListViewController.swift in Sources */,
				8FB0638E1FE470BA00CFFAF5 /* HelloWorldViewModel.swift in Sources */,
				8FB063BC1FE6979D00CFFAF5 /* WordsListLayoutAssembler.swift in Sources */,
				8FB063E41FE6B64000CFFAF5 /* AddWordTopBar.swift in Sources */,
				8FB063CC1FE69ECE00CFFAF5 /* AddWordTopBarViewController.swift in Sources */,
				8FB063AF1FE5E1D700CFFAF5 /* UIViewControllerExtensions.swift in Sources */,
				8FB063921FE4734700CFFAF5 /* GreetingController.swift in Sources */,
				8FB0634E1FE4471600CFFAF5 /* AppDelegate.swift in Sources */,
				8FB063871FE4663200CFFAF5 /* SceneFactory.swift in Sources */,
				8FB063E11FE6B42700CFFAF5 /* WordsListTopBarFactory.swift in Sources */,
				8FB063821FE460E400CFFAF5 /* HelloWorldViewController.swift in Sources */,
				8FB063A51FE5B68000CFFAF5 /* DoubleHorizontalLayoutViewController.swift in Sources */,
				8FB063E71FE6BC2E00CFFAF5 /* WordsListFactory.swift in Sources */,
				8FB063EA1FE6BE2A00CFFAF5 /* WordsListViewModel.swift in Sources */,
				8FB063721FE4515000CFFAF5 /* RootViewControllerProvider.swift in Sources */,
				8FB063751FE4519500CFFAF5 /* RootViewCoordinator.swift in Sources */,
				8FB0638A1FE4692400CFFAF5 /* HelloWorldFactory.swift in Sources */,
				8FB063C21FE6995100CFFAF5 /* WordsListTopBarCoordinator.swift in Sources */,
				8FB063DB1FE6A8FE00CFFAF5 /* AddWordTopBarViewModel.swift in Sources */,
				8FB063B21FE5E72B00CFFAF5 /* WordsListContentCoordinator.swift in Sources */,
				8FB063BF1FE6986600CFFAF5 /* WordsListLayoutViewModel.swift in Sources */,
				8FB063C61FE69C7F00CFFAF5 /* WordsListTopBarViewController.swift in Sources */,
				8FB063D81FE6A8B100CFFAF5 /* WordsListTopBarViewModal.swift in Sources */,
				8FB0636F1FE44FF400CFFAF5 /* Coordinator.swift in Sources */,
				8FB063DE1FE6AE7300CFFAF5 /* WordsListLayoutController.swift in Sources */,
			);
			runOnlyForDeploymentPostprocessing = 0;
		};
		8FB0635A1FE4471600CFFAF5 /* Sources */ = {
			isa = PBXSourcesBuildPhase;
			buildActionMask = 2147483647;
			files = (
				8FB063BD1FE6979D00CFFAF5 /* WordsListLayoutAssembler.swift in Sources */,
				8FB063731FE4515000CFFAF5 /* RootViewControllerProvider.swift in Sources */,
				8FB063701FE44FF400CFFAF5 /* Coordinator.swift in Sources */,
				8FB063C71FE69C7F00CFFAF5 /* WordsListTopBarViewController.swift in Sources */,
				8FB063831FE460E400CFFAF5 /* HelloWorldViewController.swift in Sources */,
				8FB063B31FE5E72B00CFFAF5 /* WordsListContentCoordinator.swift in Sources */,
				8FB063EB1FE6BE2A00CFFAF5 /* WordsListViewModel.swift in Sources */,
				8FB063D91FE6A8B100CFFAF5 /* WordsListTopBarViewModal.swift in Sources */,
				8FB063DF1FE6AE7300CFFAF5 /* WordsListLayoutController.swift in Sources */,
				8FB063C01FE6986600CFFAF5 /* WordsListLayoutViewModel.swift in Sources */,
				8FB063881FE4663200CFFAF5 /* SceneFactory.swift in Sources */,
				8FB063791FE451E200CFFAF5 /* AppCoordinator.swift in Sources */,
				8FB063971FE4778800CFFAF5 /* HelloWorldSceneAssembler.swift in Sources */,
				8FB063B01FE5E1D700CFFAF5 /* UIViewControllerExtensions.swift in Sources */,
				8FB063E21FE6B42700CFFAF5 /* WordsListTopBarFactory.swift in Sources */,
				8FB063931FE4734700CFFAF5 /* GreetingController.swift in Sources */,
				8FB063E51FE6B64000CFFAF5 /* AddWordTopBar.swift in Sources */,
				8FB063CD1FE69ECE00CFFAF5 /* AddWordTopBarViewController.swift in Sources */,
				8FB0638B1FE4692400CFFAF5 /* HelloWorldFactory.swift in Sources */,
				8FB063A61FE5B68000CFFAF5 /* DoubleHorizontalLayoutViewController.swift in Sources */,
				8FB0638F1FE470BA00CFFAF5 /* HelloWorldViewModel.swift in Sources */,
				8FB063DC1FE6A8FE00CFFAF5 /* AddWordTopBarViewModel.swift in Sources */,
				8FB063841FE4624D00CFFAF5 /* AppDelegate.swift in Sources */,
				8FB063D31FE6A12900CFFAF5 /* WordsListViewController.swift in Sources */,
				8FB063C31FE6995100CFFAF5 /* WordsListTopBarCoordinator.swift in Sources */,
				8FB063E81FE6BC2E00CFFAF5 /* WordsListFactory.swift in Sources */,
				8FB063631FE4471600CFFAF5 /* OneWordTests.swift in Sources */,
				8FB063761FE4519500CFFAF5 /* RootViewCoordinator.swift in Sources */,
			);
			runOnlyForDeploymentPostprocessing = 0;
		};
/* End PBXSourcesBuildPhase section */

/* Begin PBXTargetDependency section */
		8FB063601FE4471600CFFAF5 /* PBXTargetDependency */ = {
			isa = PBXTargetDependency;
			target = 8FB063491FE4471600CFFAF5 /* OneWord */;
			targetProxy = 8FB0635F1FE4471600CFFAF5 /* PBXContainerItemProxy */;
		};
/* End PBXTargetDependency section */

/* Begin PBXVariantGroup section */
		8FB063561FE4471600CFFAF5 /* LaunchScreen.storyboard */ = {
			isa = PBXVariantGroup;
			children = (
				8FB063571FE4471600CFFAF5 /* Base */,
			);
			name = LaunchScreen.storyboard;
			sourceTree = "<group>";
		};
/* End PBXVariantGroup section */

/* Begin XCBuildConfiguration section */
		8FB063651FE4471600CFFAF5 /* Debug */ = {
			isa = XCBuildConfiguration;
			buildSettings = {
				ALWAYS_SEARCH_USER_PATHS = NO;
				CLANG_ANALYZER_NONNULL = YES;
				CLANG_ANALYZER_NUMBER_OBJECT_CONVERSION = YES_AGGRESSIVE;
				CLANG_CXX_LANGUAGE_STANDARD = "gnu++14";
				CLANG_CXX_LIBRARY = "libc++";
				CLANG_ENABLE_MODULES = YES;
				CLANG_ENABLE_OBJC_ARC = YES;
				CLANG_WARN_BLOCK_CAPTURE_AUTORELEASING = YES;
				CLANG_WARN_BOOL_CONVERSION = YES;
				CLANG_WARN_COMMA = YES;
				CLANG_WARN_CONSTANT_CONVERSION = YES;
				CLANG_WARN_DIRECT_OBJC_ISA_USAGE = YES_ERROR;
				CLANG_WARN_DOCUMENTATION_COMMENTS = YES;
				CLANG_WARN_EMPTY_BODY = YES;
				CLANG_WARN_ENUM_CONVERSION = YES;
				CLANG_WARN_INFINITE_RECURSION = YES;
				CLANG_WARN_INT_CONVERSION = YES;
				CLANG_WARN_NON_LITERAL_NULL_CONVERSION = YES;
				CLANG_WARN_OBJC_LITERAL_CONVERSION = YES;
				CLANG_WARN_OBJC_ROOT_CLASS = YES_ERROR;
				CLANG_WARN_RANGE_LOOP_ANALYSIS = YES;
				CLANG_WARN_STRICT_PROTOTYPES = YES;
				CLANG_WARN_SUSPICIOUS_MOVE = YES;
				CLANG_WARN_UNGUARDED_AVAILABILITY = YES_AGGRESSIVE;
				CLANG_WARN_UNREACHABLE_CODE = YES;
				CLANG_WARN__DUPLICATE_METHOD_MATCH = YES;
				CODE_SIGN_IDENTITY = "iPhone Developer";
				COPY_PHASE_STRIP = NO;
				DEBUG_INFORMATION_FORMAT = dwarf;
				ENABLE_STRICT_OBJC_MSGSEND = YES;
				ENABLE_TESTABILITY = YES;
				GCC_C_LANGUAGE_STANDARD = gnu11;
				GCC_DYNAMIC_NO_PIC = NO;
				GCC_NO_COMMON_BLOCKS = YES;
				GCC_OPTIMIZATION_LEVEL = 0;
				GCC_PREPROCESSOR_DEFINITIONS = (
					"DEBUG=1",
					"$(inherited)",
				);
				GCC_WARN_64_TO_32_BIT_CONVERSION = YES;
				GCC_WARN_ABOUT_RETURN_TYPE = YES_ERROR;
				GCC_WARN_UNDECLARED_SELECTOR = YES;
				GCC_WARN_UNINITIALIZED_AUTOS = YES_AGGRESSIVE;
				GCC_WARN_UNUSED_FUNCTION = YES;
				GCC_WARN_UNUSED_VARIABLE = YES;
				IPHONEOS_DEPLOYMENT_TARGET = 11.2;
				MTL_ENABLE_DEBUG_INFO = YES;
				ONLY_ACTIVE_ARCH = YES;
				SDKROOT = iphoneos;
				SWIFT_ACTIVE_COMPILATION_CONDITIONS = DEBUG;
				SWIFT_OPTIMIZATION_LEVEL = "-Onone";
			};
			name = Debug;
		};
		8FB063661FE4471600CFFAF5 /* Release */ = {
			isa = XCBuildConfiguration;
			buildSettings = {
				ALWAYS_SEARCH_USER_PATHS = NO;
				CLANG_ANALYZER_NONNULL = YES;
				CLANG_ANALYZER_NUMBER_OBJECT_CONVERSION = YES_AGGRESSIVE;
				CLANG_CXX_LANGUAGE_STANDARD = "gnu++14";
				CLANG_CXX_LIBRARY = "libc++";
				CLANG_ENABLE_MODULES = YES;
				CLANG_ENABLE_OBJC_ARC = YES;
				CLANG_WARN_BLOCK_CAPTURE_AUTORELEASING = YES;
				CLANG_WARN_BOOL_CONVERSION = YES;
				CLANG_WARN_COMMA = YES;
				CLANG_WARN_CONSTANT_CONVERSION = YES;
				CLANG_WARN_DIRECT_OBJC_ISA_USAGE = YES_ERROR;
				CLANG_WARN_DOCUMENTATION_COMMENTS = YES;
				CLANG_WARN_EMPTY_BODY = YES;
				CLANG_WARN_ENUM_CONVERSION = YES;
				CLANG_WARN_INFINITE_RECURSION = YES;
				CLANG_WARN_INT_CONVERSION = YES;
				CLANG_WARN_NON_LITERAL_NULL_CONVERSION = YES;
				CLANG_WARN_OBJC_LITERAL_CONVERSION = YES;
				CLANG_WARN_OBJC_ROOT_CLASS = YES_ERROR;
				CLANG_WARN_RANGE_LOOP_ANALYSIS = YES;
				CLANG_WARN_STRICT_PROTOTYPES = YES;
				CLANG_WARN_SUSPICIOUS_MOVE = YES;
				CLANG_WARN_UNGUARDED_AVAILABILITY = YES_AGGRESSIVE;
				CLANG_WARN_UNREACHABLE_CODE = YES;
				CLANG_WARN__DUPLICATE_METHOD_MATCH = YES;
				CODE_SIGN_IDENTITY = "iPhone Developer";
				COPY_PHASE_STRIP = NO;
				DEBUG_INFORMATION_FORMAT = "dwarf-with-dsym";
				ENABLE_NS_ASSERTIONS = NO;
				ENABLE_STRICT_OBJC_MSGSEND = YES;
				GCC_C_LANGUAGE_STANDARD = gnu11;
				GCC_NO_COMMON_BLOCKS = YES;
				GCC_WARN_64_TO_32_BIT_CONVERSION = YES;
				GCC_WARN_ABOUT_RETURN_TYPE = YES_ERROR;
				GCC_WARN_UNDECLARED_SELECTOR = YES;
				GCC_WARN_UNINITIALIZED_AUTOS = YES_AGGRESSIVE;
				GCC_WARN_UNUSED_FUNCTION = YES;
				GCC_WARN_UNUSED_VARIABLE = YES;
				IPHONEOS_DEPLOYMENT_TARGET = 11.2;
				MTL_ENABLE_DEBUG_INFO = NO;
				SDKROOT = iphoneos;
				SWIFT_OPTIMIZATION_LEVEL = "-Owholemodule";
				VALIDATE_PRODUCT = YES;
			};
			name = Release;
		};
		8FB063681FE4471600CFFAF5 /* Debug */ = {
			isa = XCBuildConfiguration;
			buildSettings = {
				ASSETCATALOG_COMPILER_APPICON_NAME = AppIcon;
				CODE_SIGN_STYLE = Automatic;
				DEVELOPMENT_TEAM = 8LDP8S6X3P;
				INFOPLIST_FILE = OneWord/Info.plist;
				LD_RUNPATH_SEARCH_PATHS = "$(inherited) @executable_path/Frameworks";
				PRODUCT_BUNDLE_IDENTIFIER = kb.OneWord;
				PRODUCT_NAME = "$(TARGET_NAME)";
				SWIFT_VERSION = 4.0;
				TARGETED_DEVICE_FAMILY = 1;
			};
			name = Debug;
		};
		8FB063691FE4471600CFFAF5 /* Release */ = {
			isa = XCBuildConfiguration;
			buildSettings = {
				ASSETCATALOG_COMPILER_APPICON_NAME = AppIcon;
				CODE_SIGN_STYLE = Automatic;
				DEVELOPMENT_TEAM = 8LDP8S6X3P;
				INFOPLIST_FILE = OneWord/Info.plist;
				LD_RUNPATH_SEARCH_PATHS = "$(inherited) @executable_path/Frameworks";
				PRODUCT_BUNDLE_IDENTIFIER = kb.OneWord;
				PRODUCT_NAME = "$(TARGET_NAME)";
				SWIFT_VERSION = 4.0;
				TARGETED_DEVICE_FAMILY = 1;
			};
			name = Release;
		};
		8FB0636B1FE4471600CFFAF5 /* Debug */ = {
			isa = XCBuildConfiguration;
			buildSettings = {
				ALWAYS_EMBED_SWIFT_STANDARD_LIBRARIES = YES;
				BUNDLE_LOADER = "$(TEST_HOST)";
				CODE_SIGN_STYLE = Automatic;
				DEVELOPMENT_TEAM = 8LDP8S6X3P;
				INFOPLIST_FILE = OneWordTests/Info.plist;
				LD_RUNPATH_SEARCH_PATHS = "$(inherited) @executable_path/Frameworks @loader_path/Frameworks";
				PRODUCT_BUNDLE_IDENTIFIER = kb.OneWordTests;
				PRODUCT_NAME = "$(TARGET_NAME)";
				SWIFT_VERSION = 4.0;
				TARGETED_DEVICE_FAMILY = "1,2";
				TEST_HOST = "$(BUILT_PRODUCTS_DIR)/OneWord.app/OneWord";
			};
			name = Debug;
		};
		8FB0636C1FE4471600CFFAF5 /* Release */ = {
			isa = XCBuildConfiguration;
			buildSettings = {
				ALWAYS_EMBED_SWIFT_STANDARD_LIBRARIES = YES;
				BUNDLE_LOADER = "$(TEST_HOST)";
				CODE_SIGN_STYLE = Automatic;
				DEVELOPMENT_TEAM = 8LDP8S6X3P;
				INFOPLIST_FILE = OneWordTests/Info.plist;
				LD_RUNPATH_SEARCH_PATHS = "$(inherited) @executable_path/Frameworks @loader_path/Frameworks";
				PRODUCT_BUNDLE_IDENTIFIER = kb.OneWordTests;
				PRODUCT_NAME = "$(TARGET_NAME)";
				SWIFT_VERSION = 4.0;
				TARGETED_DEVICE_FAMILY = "1,2";
				TEST_HOST = "$(BUILT_PRODUCTS_DIR)/OneWord.app/OneWord";
			};
			name = Release;
		};
/* End XCBuildConfiguration section */

/* Begin XCConfigurationList section */
		8FB063451FE4471600CFFAF5 /* Build configuration list for PBXProject "OneWord" */ = {
			isa = XCConfigurationList;
			buildConfigurations = (
				8FB063651FE4471600CFFAF5 /* Debug */,
				8FB063661FE4471600CFFAF5 /* Release */,
			);
			defaultConfigurationIsVisible = 0;
			defaultConfigurationName = Release;
		};
		8FB063671FE4471600CFFAF5 /* Build configuration list for PBXNativeTarget "OneWord" */ = {
			isa = XCConfigurationList;
			buildConfigurations = (
				8FB063681FE4471600CFFAF5 /* Debug */,
				8FB063691FE4471600CFFAF5 /* Release */,
			);
			defaultConfigurationIsVisible = 0;
			defaultConfigurationName = Release;
		};
		8FB0636A1FE4471600CFFAF5 /* Build configuration list for PBXNativeTarget "OneWordTests" */ = {
			isa = XCConfigurationList;
			buildConfigurations = (
				8FB0636B1FE4471600CFFAF5 /* Debug */,
				8FB0636C1FE4471600CFFAF5 /* Release */,
			);
			defaultConfigurationIsVisible = 0;
			defaultConfigurationName = Release;
		};
/* End XCConfigurationList section */
	};
	rootObject = 8FB063421FE4471600CFFAF5 /* Project object */;
}
